
Microsoft Visual Studio Solution File, Format Version 12.00
# Visual Studio 15
Project("{FAE04EC0-301F-11D3-BF4B-00C04F79EFBC}") = "Assembly-CSharp", "Assembly-CSharp.csproj", "{B2C6153F-1B0A-B0AB-649A-942AFE0E36AA}"
EndProject
Project("{FAE04EC0-301F-11D3-BF4B-00C04F79EFBC}") = "Bezi.Editor", "Bezi.Editor.csproj", "{B21AD5C4-177B-7259-A1AF-0A833C8226B6}"
EndProject
Global
	GlobalSection(SolutionConfigurationPlatforms) = preSolution
		Debug|Any CPU = Debug|Any CPU
		Release|Any CPU = Release|Any CPU
	EndGlobalSection
	GlobalSection(ProjectConfigurationPlatforms) = postSolution
		{B2C6153F-1B0A-B0AB-649A-942AFE0E36AA}.Debug|Any CPU.ActiveCfg = Debug|Any CPU
		{B2C6153F-1B0A-B0AB-649A-942AFE0E36AA}.Debug|Any CPU.Build.0 = Debug|Any CPU
		{B2C6153F-1B0A-B0AB-649A-942AFE0E36AA}.Release|Any CPU.ActiveCfg = Release|Any CPU
		{B2C6153F-1B0A-B0AB-649A-942AFE0E36AA}.Release|Any CPU.Build.0 = Release|Any CPU
		{B21AD5C4-177B-7259-A1AF-0A833C8226B6}.Debug|Any CPU.ActiveCfg = Debug|Any CPU
		{B21AD5C4-177B-7259-A1AF-0A833C8226B6}.Debug|Any CPU.Build.0 = Debug|Any CPU
		{B21AD5C4-177B-7259-A1AF-0A833C8226B6}.Release|Any CPU.ActiveCfg = Release|Any CPU
		{B21AD5C4-177B-7259-A1AF-0A833C8226B6}.Release|Any CPU.Build.0 = Release|Any CPU
	EndGlobalSection
	GlobalSection(SolutionProperties) = preSolution
		HideSolutionNode = FALSE
	EndGlobalSection
EndGlobal
